
Microsoft Visual Studio Solution File, Format Version 12.00
# Visual Studio Version 17
VisualStudioVersion = 17.12.35707.178 d17.12
MinimumVisualStudioVersion = 10.0.40219.1
Project("{FAE04EC0-301F-11D3-BF4B-00C04F79EFBC}") = "EShop", "EShop.csproj", "{1C322FA5-7AC5-449C-BAB1-BDE2834D62D8}"
EndProject
Project("{FAE04EC0-301F-11D3-BF4B-00C04F79EFBC}") = "EShop.Tests", "EShop.Tests\EShop.Tests.csproj", "{63A9399E-8BAC-47C2-AC8C-DE66E049C99E}"
EndProject
Global
	GlobalSection(SolutionConfigurationPlatforms) = preSolution
		Debug|Any CPU = Debug|Any CPU
		Release|Any CPU = Release|Any CPU
	EndGlobalSection
	GlobalSection(ProjectConfigurationPlatforms) = postSolution
		{1C322FA5-7AC5-449C-BAB1-BDE2834D62D8}.Debug|Any CPU.ActiveCfg = Debug|Any CPU
		{1C322FA5-7AC5-449C-BAB1-BDE2834D62D8}.Debug|Any CPU.Build.0 = Debug|Any CPU
		{1C322FA5-7AC5-449C-BAB1-BDE2834D62D8}.Release|Any CPU.ActiveCfg = Release|Any CPU
		{1C322FA5-7AC5-449C-BAB1-BDE2834D62D8}.Release|Any CPU.Build.0 = Release|Any CPU
		{63A9399E-8BAC-47C2-AC8C-DE66E049C99E}.Debug|Any CPU.ActiveCfg = Debug|Any CPU
		{63A9399E-8BAC-47C2-AC8C-DE66E049C99E}.Debug|Any CPU.Build.0 = Debug|Any CPU
		{63A9399E-8BAC-47C2-AC8C-DE66E049C99E}.Release|Any CPU.ActiveCfg = Release|Any CPU
		{63A9399E-8BAC-47C2-AC8C-DE66E049C99E}.Release|Any CPU.Build.0 = Release|Any CPU
	EndGlobalSection
	GlobalSection(SolutionProperties) = preSolution
		HideSolutionNode = FALSE
	EndGlobalSection
EndGlobal
